
Microsoft Visual Studio Solution File, Format Version 12.00
# Visual Studio Version 16
VisualStudioVersion = 16.0.32630.194
MinimumVisualStudioVersion = 10.0.40219.1
Project("{8BC9CEB8-8B4A-11D0-8D11-00A0C91BC942}") = "工产模式简单工厂", "工产模式\工产模式.vcxproj", "{038CAC4D-A68C-4718-9D57-DBC9CAE0CFCD}"
EndProject
Project("{8BC9CEB8-8B4A-11D0-8D11-00A0C91BC942}") = "工厂模式-抽象工厂图形", "工厂模式-抽象工厂图形\工厂模式-抽象工厂图形.vcxproj", "{45DE89FE-3797-4CC5-B370-76F9E2BF72D6}"
EndProject
Project("{8BC9CEB8-8B4A-11D0-8D11-00A0C91BC942}") = "建造者模式", "建造者模式\建造者模式.vcxproj", "{8D5AE9D8-C622-4F9B-AB46-3B04BD550BB1}"
EndProject
Project("{8BC9CEB8-8B4A-11D0-8D11-00A0C91BC942}") = "中介模式-聊天室", "中介模式-聊天室\中介模式-聊天室.vcxproj", "{5EA84B69-C93D-444C-942A-430DED581880}"
EndProject
Project("{8BC9CEB8-8B4A-11D0-8D11-00A0C91BC942}") = "建造者模式+工厂模式", "建造者模式+工厂模式\建造者模式+工厂模式.vcxproj", "{8DDEE330-4E05-4FDB-96D7-32C1533C2BD3}"
EndProject
Project("{8BC9CEB8-8B4A-11D0-8D11-00A0C91BC942}") = "观察者模式", "观察者模式\观察者模式.vcxproj", "{A3AD49BD-4C8D-42C9-93DB-5A79E7B3AD6A}"
EndProject
Project("{8BC9CEB8-8B4A-11D0-8D11-00A0C91BC942}") = "备忘录模式", "备忘录模式\备忘录模式.vcxproj", "{89CD8483-3230-4B02-A1D2-7003988F7FB9}"
EndProject
Project("{8BC9CEB8-8B4A-11D0-8D11-00A0C91BC942}") = "组合模式", "组合模式\组合模式.vcxproj", "{51A4887B-2F70-40B4-89B0-7F20B282346E}"
EndProject
Project("{8BC9CEB8-8B4A-11D0-8D11-00A0C91BC942}") = "外观模式", "外观模式\外观模式.vcxproj", "{F295CF5E-3ED9-4894-892D-81AE066F6167}"
EndProject
Project("{8BC9CEB8-8B4A-11D0-8D11-00A0C91BC942}") = "代理模式", "代理模式\代理模式.vcxproj", "{0F8B94A9-3555-4BD1-BEA8-28587A4A1E7B}"
EndProject
Project("{8BC9CEB8-8B4A-11D0-8D11-00A0C91BC942}") = "适配器模式", "适配器模式\适配器模式.vcxproj", "{8FC9F4E8-B495-4BE9-A254-C25AAE7C1671}"
EndProject
Project("{8BC9CEB8-8B4A-11D0-8D11-00A0C91BC942}") = "状态模式", "状态模式\状态模式.vcxproj", "{057C051A-B821-4665-B502-5786A6EA1201}"
EndProject
Project("{8BC9CEB8-8B4A-11D0-8D11-00A0C91BC942}") = "策略者模式", "策略者模式\策略者模式.vcxproj", "{E2700C2F-3240-49CD-B38C-877B1F8F65AE}"
EndProject
Project("{8BC9CEB8-8B4A-11D0-8D11-00A0C91BC942}") = "桥接模式", "桥接模式\桥接模式.vcxproj", "{905A0DD4-396F-486C-B87E-39BF2CE239B0}"
EndProject
Project("{8BC9CEB8-8B4A-11D0-8D11-00A0C91BC942}") = "享元模式", "享元模式\享元模式.vcxproj", "{19EA8870-F489-472A-8E81-E9B53EAF9627}"
EndProject
Project("{8BC9CEB8-8B4A-11D0-8D11-00A0C91BC942}") = "单例模式", "单例模式\单例模式.vcxproj", "{A66D6432-AFFB-42C0-B604-02C0DCBE943A}"
EndProject
Project("{8BC9CEB8-8B4A-11D0-8D11-00A0C91BC942}") = "装饰器模式", "装饰器模式\装饰器模式.vcxproj", "{AB8366AF-C7E0-4B5A-9272-EBF22D9D9618}"
EndProject
Project("{8BC9CEB8-8B4A-11D0-8D11-00A0C91BC942}") = "装饰器模式-王者荣耀", "装饰器模式-王者荣耀\装饰器模式-王者荣耀.vcxproj", "{1B61DB90-851E-4AA3-B55C-AEE098B387D6}"
EndProject
Project("{8BC9CEB8-8B4A-11D0-8D11-00A0C91BC942}") = "装饰模式-王者荣耀2", "装饰模式-王者荣耀2\装饰模式-王者荣耀2.vcxproj", "{66F3B2B4-C9ED-4E07-B9EB-E0286F49234F}"
EndProject
Project("{8BC9CEB8-8B4A-11D0-8D11-00A0C91BC942}") = "状态模式-糖果机", "状态模式-糖果机\状态模式-糖果机.vcxproj", "{D24921B4-8E4B-4184-9F92-136E5E4AFD85}"
EndProject
Project("{8BC9CEB8-8B4A-11D0-8D11-00A0C91BC942}") = "状态模式-马里奥", "状态模式-马里奥\状态模式-马里奥.vcxproj", "{29E26CB5-CB23-458D-8087-714B35DD204B}"
EndProject
Project("{8BC9CEB8-8B4A-11D0-8D11-00A0C91BC942}") = "策略者模式-AI指挥官", "策略者模式-AI指挥官\策略者模式-AI指挥官.vcxproj", "{8270B0CC-35BE-4521-B3F2-AF8A45E8324E}"
EndProject
Project("{8BC9CEB8-8B4A-11D0-8D11-00A0C91BC942}") = "工厂模式工产方法-生产鼠标", "工厂模式-生产鼠标\工厂模式-生产鼠标.vcxproj", "{739504B3-9E95-4DD1-9A39-86EE49555DC4}"
EndProject
Project("{8BC9CEB8-8B4A-11D0-8D11-00A0C91BC942}") = "桥接模式-跨平台应用开发", "桥接模式-跨平台应用开发\桥接模式-跨平台应用开发.vcxproj", "{7A5CE490-6FC9-4134-ADAA-09EB08B680B7}"
EndProject
Project("{8BC9CEB8-8B4A-11D0-8D11-00A0C91BC942}") = "模板模式", "模板模式\模板模式.vcxproj", "{1AEABAC6-46AE-4CED-A6F3-6DC307FF1958}"
EndProject
Project("{8BC9CEB8-8B4A-11D0-8D11-00A0C91BC942}") = "单例模式-线程不安全懒汉式", "单例模式-线程不安全懒汉式\单例模式-线程不安全懒汉式.vcxproj", "{E7A270ED-570C-4434-8F48-4F018BD8E108}"
EndProject
Project("{8BC9CEB8-8B4A-11D0-8D11-00A0C91BC942}") = "单例模式-线程安全懒汉式", "单例模式-线程安全懒汉式\单例模式-线程安全懒汉式.vcxproj", "{5141ECB8-A5E4-4D78-8C40-337C4121C24C}"
EndProject
Project("{8BC9CEB8-8B4A-11D0-8D11-00A0C91BC942}") = "单例模式-优雅的局部静态变量", "单例模式-优雅的局部静态变量\单例模式-优雅的局部静态变量.vcxproj", "{D532DEB3-BDCF-47CD-8C26-912336D274E6}"
EndProject
Global
	GlobalSection(SolutionConfigurationPlatforms) = preSolution
		Debug|x64 = Debug|x64
		Debug|x86 = Debug|x86
		Release|x64 = Release|x64
		Release|x86 = Release|x86
	EndGlobalSection
	GlobalSection(ProjectConfigurationPlatforms) = postSolution
		{038CAC4D-A68C-4718-9D57-DBC9CAE0CFCD}.Debug|x64.ActiveCfg = Debug|x64
		{038CAC4D-A68C-4718-9D57-DBC9CAE0CFCD}.Debug|x64.Build.0 = Debug|x64
		{038CAC4D-A68C-4718-9D57-DBC9CAE0CFCD}.Debug|x86.ActiveCfg = Debug|Win32
		{038CAC4D-A68C-4718-9D57-DBC9CAE0CFCD}.Debug|x86.Build.0 = Debug|Win32
		{038CAC4D-A68C-4718-9D57-DBC9CAE0CFCD}.Release|x64.ActiveCfg = Release|x64
		{038CAC4D-A68C-4718-9D57-DBC9CAE0CFCD}.Release|x64.Build.0 = Release|x64
		{038CAC4D-A68C-4718-9D57-DBC9CAE0CFCD}.Release|x86.ActiveCfg = Release|Win32
		{038CAC4D-A68C-4718-9D57-DBC9CAE0CFCD}.Release|x86.Build.0 = Release|Win32
		{45DE89FE-3797-4CC5-B370-76F9E2BF72D6}.Debug|x64.ActiveCfg = Debug|x64
		{45DE89FE-3797-4CC5-B370-76F9E2BF72D6}.Debug|x64.Build.0 = Debug|x64
		{45DE89FE-3797-4CC5-B370-76F9E2BF72D6}.Debug|x86.ActiveCfg = Debug|Win32
		{45DE89FE-3797-4CC5-B370-76F9E2BF72D6}.Debug|x86.Build.0 = Debug|Win32
		{45DE89FE-3797-4CC5-B370-76F9E2BF72D6}.Release|x64.ActiveCfg = Release|x64
		{45DE89FE-3797-4CC5-B370-76F9E2BF72D6}.Release|x64.Build.0 = Release|x64
		{45DE89FE-3797-4CC5-B370-76F9E2BF72D6}.Release|x86.ActiveCfg = Release|Win32
		{45DE89FE-3797-4CC5-B370-76F9E2BF72D6}.Release|x86.Build.0 = Release|Win32
		{8D5AE9D8-C622-4F9B-AB46-3B04BD550BB1}.Debug|x64.ActiveCfg = Debug|x64
		{8D5AE9D8-C622-4F9B-AB46-3B04BD550BB1}.Debug|x64.Build.0 = Debug|x64
		{8D5AE9D8-C622-4F9B-AB46-3B04BD550BB1}.Debug|x86.ActiveCfg = Debug|Win32
		{8D5AE9D8-C622-4F9B-AB46-3B04BD550BB1}.Debug|x86.Build.0 = Debug|Win32
		{8D5AE9D8-C622-4F9B-AB46-3B04BD550BB1}.Release|x64.ActiveCfg = Release|x64
		{8D5AE9D8-C622-4F9B-AB46-3B04BD550BB1}.Release|x64.Build.0 = Release|x64
		{8D5AE9D8-C622-4F9B-AB46-3B04BD550BB1}.Release|x86.ActiveCfg = Release|Win32
		{8D5AE9D8-C622-4F9B-AB46-3B04BD550BB1}.Release|x86.Build.0 = Release|Win32
		{5EA84B69-C93D-444C-942A-430DED581880}.Debug|x64.ActiveCfg = Debug|x64
		{5EA84B69-C93D-444C-942A-430DED581880}.Debug|x64.Build.0 = Debug|x64
		{5EA84B69-C93D-444C-942A-430DED581880}.Debug|x86.ActiveCfg = Debug|Win32
		{5EA84B69-C93D-444C-942A-430DED581880}.Debug|x86.Build.0 = Debug|Win32
		{5EA84B69-C93D-444C-942A-430DED581880}.Release|x64.ActiveCfg = Release|x64
		{5EA84B69-C93D-444C-942A-430DED581880}.Release|x64.Build.0 = Release|x64
		{5EA84B69-C93D-444C-942A-430DED581880}.Release|x86.ActiveCfg = Release|Win32
		{5EA84B69-C93D-444C-942A-430DED581880}.Release|x86.Build.0 = Release|Win32
		{8DDEE330-4E05-4FDB-96D7-32C1533C2BD3}.Debug|x64.ActiveCfg = Debug|x64
		{8DDEE330-4E05-4FDB-96D7-32C1533C2BD3}.Debug|x64.Build.0 = Debug|x64
		{8DDEE330-4E05-4FDB-96D7-32C1533C2BD3}.Debug|x86.ActiveCfg = Debug|Win32
		{8DDEE330-4E05-4FDB-96D7-32C1533C2BD3}.Debug|x86.Build.0 = Debug|Win32
		{8DDEE330-4E05-4FDB-96D7-32C1533C2BD3}.Release|x64.ActiveCfg = Release|x64
		{8DDEE330-4E05-4FDB-96D7-32C1533C2BD3}.Release|x64.Build.0 = Release|x64
		{8DDEE330-4E05-4FDB-96D7-32C1533C2BD3}.Release|x86.ActiveCfg = Release|Win32
		{8DDEE330-4E05-4FDB-96D7-32C1533C2BD3}.Release|x86.Build.0 = Release|Win32
		{A3AD49BD-4C8D-42C9-93DB-5A79E7B3AD6A}.Debug|x64.ActiveCfg = Debug|x64
		{A3AD49BD-4C8D-42C9-93DB-5A79E7B3AD6A}.Debug|x64.Build.0 = Debug|x64
		{A3AD49BD-4C8D-42C9-93DB-5A79E7B3AD6A}.Debug|x86.ActiveCfg = Debug|Win32
		{A3AD49BD-4C8D-42C9-93DB-5A79E7B3AD6A}.Debug|x86.Build.0 = Debug|Win32
		{A3AD49BD-4C8D-42C9-93DB-5A79E7B3AD6A}.Release|x64.ActiveCfg = Release|x64
		{A3AD49BD-4C8D-42C9-93DB-5A79E7B3AD6A}.Release|x64.Build.0 = Release|x64
		{A3AD49BD-4C8D-42C9-93DB-5A79E7B3AD6A}.Release|x86.ActiveCfg = Release|Win32
		{A3AD49BD-4C8D-42C9-93DB-5A79E7B3AD6A}.Release|x86.Build.0 = Release|Win32
		{89CD8483-3230-4B02-A1D2-7003988F7FB9}.Debug|x64.ActiveCfg = Debug|x64
		{89CD8483-3230-4B02-A1D2-7003988F7FB9}.Debug|x64.Build.0 = Debug|x64
		{89CD8483-3230-4B02-A1D2-7003988F7FB9}.Debug|x86.ActiveCfg = Debug|Win32
		{89CD8483-3230-4B02-A1D2-7003988F7FB9}.Debug|x86.Build.0 = Debug|Win32
		{89CD8483-3230-4B02-A1D2-7003988F7FB9}.Release|x64.ActiveCfg = Release|x64
		{89CD8483-3230-4B02-A1D2-7003988F7FB9}.Release|x64.Build.0 = Release|x64
		{89CD8483-3230-4B02-A1D2-7003988F7FB9}.Release|x86.ActiveCfg = Release|Win32
		{89CD8483-3230-4B02-A1D2-7003988F7FB9}.Release|x86.Build.0 = Release|Win32
		{51A4887B-2F70-40B4-89B0-7F20B282346E}.Debug|x64.ActiveCfg = Debug|x64
		{51A4887B-2F70-40B4-89B0-7F20B282346E}.Debug|x64.Build.0 = Debug|x64
		{51A4887B-2F70-40B4-89B0-7F20B282346E}.Debug|x86.ActiveCfg = Debug|Win32
		{51A4887B-2F70-40B4-89B0-7F20B282346E}.Debug|x86.Build.0 = Debug|Win32
		{51A4887B-2F70-40B4-89B0-7F20B282346E}.Release|x64.ActiveCfg = Release|x64
		{51A4887B-2F70-40B4-89B0-7F20B282346E}.Release|x64.Build.0 = Release|x64
		{51A4887B-2F70-40B4-89B0-7F20B282346E}.Release|x86.ActiveCfg = Release|Win32
		{51A4887B-2F70-40B4-89B0-7F20B282346E}.Release|x86.Build.0 = Release|Win32
		{F295CF5E-3ED9-4894-892D-81AE066F6167}.Debug|x64.ActiveCfg = Debug|x64
		{F295CF5E-3ED9-4894-892D-81AE066F6167}.Debug|x64.Build.0 = Debug|x64
		{F295CF5E-3ED9-4894-892D-81AE066F6167}.Debug|x86.ActiveCfg = Debug|Win32
		{F295CF5E-3ED9-4894-892D-81AE066F6167}.Debug|x86.Build.0 = Debug|Win32
		{F295CF5E-3ED9-4894-892D-81AE066F6167}.Release|x64.ActiveCfg = Release|x64
		{F295CF5E-3ED9-4894-892D-81AE066F6167}.Release|x64.Build.0 = Release|x64
		{F295CF5E-3ED9-4894-892D-81AE066F6167}.Release|x86.ActiveCfg = Release|Win32
		{F295CF5E-3ED9-4894-892D-81AE066F6167}.Release|x86.Build.0 = Release|Win32
		{0F8B94A9-3555-4BD1-BEA8-28587A4A1E7B}.Debug|x64.ActiveCfg = Debug|x64
		{0F8B94A9-3555-4BD1-BEA8-28587A4A1E7B}.Debug|x64.Build.0 = Debug|x64
		{0F8B94A9-3555-4BD1-BEA8-28587A4A1E7B}.Debug|x86.ActiveCfg = Debug|Win32
		{0F8B94A9-3555-4BD1-BEA8-28587A4A1E7B}.Debug|x86.Build.0 = Debug|Win32
		{0F8B94A9-3555-4BD1-BEA8-28587A4A1E7B}.Release|x64.ActiveCfg = Release|x64
		{0F8B94A9-3555-4BD1-BEA8-28587A4A1E7B}.Release|x64.Build.0 = Release|x64
		{0F8B94A9-3555-4BD1-BEA8-28587A4A1E7B}.Release|x86.ActiveCfg = Release|Win32
		{0F8B94A9-3555-4BD1-BEA8-28587A4A1E7B}.Release|x86.Build.0 = Release|Win32
		{8FC9F4E8-B495-4BE9-A254-C25AAE7C1671}.Debug|x64.ActiveCfg = Debug|x64
		{8FC9F4E8-B495-4BE9-A254-C25AAE7C1671}.Debug|x64.Build.0 = Debug|x64
		{8FC9F4E8-B495-4BE9-A254-C25AAE7C1671}.Debug|x86.ActiveCfg = Debug|Win32
		{8FC9F4E8-B495-4BE9-A254-C25AAE7C1671}.Debug|x86.Build.0 = Debug|Win32
		{8FC9F4E8-B495-4BE9-A254-C25AAE7C1671}.Release|x64.ActiveCfg = Release|x64
		{8FC9F4E8-B495-4BE9-A254-C25AAE7C1671}.Release|x64.Build.0 = Release|x64
		{8FC9F4E8-B495-4BE9-A254-C25AAE7C1671}.Release|x86.ActiveCfg = Release|Win32
		{8FC9F4E8-B495-4BE9-A254-C25AAE7C1671}.Release|x86.Build.0 = Release|Win32
		{057C051A-B821-4665-B502-5786A6EA1201}.Debug|x64.ActiveCfg = Debug|x64
		{057C051A-B821-4665-B502-5786A6EA1201}.Debug|x64.Build.0 = Debug|x64
		{057C051A-B821-4665-B502-5786A6EA1201}.Debug|x86.ActiveCfg = Debug|Win32
		{057C051A-B821-4665-B502-5786A6EA1201}.Debug|x86.Build.0 = Debug|Win32
		{057C051A-B821-4665-B502-5786A6EA1201}.Release|x64.ActiveCfg = Release|x64
		{057C051A-B821-4665-B502-5786A6EA1201}.Release|x64.Build.0 = Release|x64
		{057C051A-B821-4665-B502-5786A6EA1201}.Release|x86.ActiveCfg = Release|Win32
		{057C051A-B821-4665-B502-5786A6EA1201}.Release|x86.Build.0 = Release|Win32
		{E2700C2F-3240-49CD-B38C-877B1F8F65AE}.Debug|x64.ActiveCfg = Debug|x64
		{E2700C2F-3240-49CD-B38C-877B1F8F65AE}.Debug|x64.Build.0 = Debug|x64
		{E2700C2F-3240-49CD-B38C-877B1F8F65AE}.Debug|x86.ActiveCfg = Debug|Win32
		{E2700C2F-3240-49CD-B38C-877B1F8F65AE}.Debug|x86.Build.0 = Debug|Win32
		{E2700C2F-3240-49CD-B38C-877B1F8F65AE}.Release|x64.ActiveCfg = Release|x64
		{E2700C2F-3240-49CD-B38C-877B1F8F65AE}.Release|x64.Build.0 = Release|x64
		{E2700C2F-3240-49CD-B38C-877B1F8F65AE}.Release|x86.ActiveCfg = Release|Win32
		{E2700C2F-3240-49CD-B38C-877B1F8F65AE}.Release|x86.Build.0 = Release|Win32
		{905A0DD4-396F-486C-B87E-39BF2CE239B0}.Debug|x64.ActiveCfg = Debug|x64
		{905A0DD4-396F-486C-B87E-39BF2CE239B0}.Debug|x64.Build.0 = Debug|x64
		{905A0DD4-396F-486C-B87E-39BF2CE239B0}.Debug|x86.ActiveCfg = Debug|Win32
		{905A0DD4-396F-486C-B87E-39BF2CE239B0}.Debug|x86.Build.0 = Debug|Win32
		{905A0DD4-396F-486C-B87E-39BF2CE239B0}.Release|x64.ActiveCfg = Release|x64
		{905A0DD4-396F-486C-B87E-39BF2CE239B0}.Release|x64.Build.0 = Release|x64
		{905A0DD4-396F-486C-B87E-39BF2CE239B0}.Release|x86.ActiveCfg = Release|Win32
		{905A0DD4-396F-486C-B87E-39BF2CE239B0}.Release|x86.Build.0 = Release|Win32
		{19EA8870-F489-472A-8E81-E9B53EAF9627}.Debug|x64.ActiveCfg = Debug|x64
		{19EA8870-F489-472A-8E81-E9B53EAF9627}.Debug|x64.Build.0 = Debug|x64
		{19EA8870-F489-472A-8E81-E9B53EAF9627}.Debug|x86.ActiveCfg = Debug|Win32
		{19EA8870-F489-472A-8E81-E9B53EAF9627}.Debug|x86.Build.0 = Debug|Win32
		{19EA8870-F489-472A-8E81-E9B53EAF9627}.Release|x64.ActiveCfg = Release|x64
		{19EA8870-F489-472A-8E81-E9B53EAF9627}.Release|x64.Build.0 = Release|x64
		{19EA8870-F489-472A-8E81-E9B53EAF9627}.Release|x86.ActiveCfg = Release|Win32
		{19EA8870-F489-472A-8E81-E9B53EAF9627}.Release|x86.Build.0 = Release|Win32
		{A66D6432-AFFB-42C0-B604-02C0DCBE943A}.Debug|x64.ActiveCfg = Debug|x64
		{A66D6432-AFFB-42C0-B604-02C0DCBE943A}.Debug|x64.Build.0 = Debug|x64
		{A66D6432-AFFB-42C0-B604-02C0DCBE943A}.Debug|x86.ActiveCfg = Debug|Win32
		{A66D6432-AFFB-42C0-B604-02C0DCBE943A}.Debug|x86.Build.0 = Debug|Win32
		{A66D6432-AFFB-42C0-B604-02C0DCBE943A}.Release|x64.ActiveCfg = Release|x64
		{A66D6432-AFFB-42C0-B604-02C0DCBE943A}.Release|x64.Build.0 = Release|x64
		{A66D6432-AFFB-42C0-B604-02C0DCBE943A}.Release|x86.ActiveCfg = Release|Win32
		{A66D6432-AFFB-42C0-B604-02C0DCBE943A}.Release|x86.Build.0 = Release|Win32
		{AB8366AF-C7E0-4B5A-9272-EBF22D9D9618}.Debug|x64.ActiveCfg = Debug|x64
		{AB8366AF-C7E0-4B5A-9272-EBF22D9D9618}.Debug|x64.Build.0 = Debug|x64
		{AB8366AF-C7E0-4B5A-9272-EBF22D9D9618}.Debug|x86.ActiveCfg = Debug|Win32
		{AB8366AF-C7E0-4B5A-9272-EBF22D9D9618}.Debug|x86.Build.0 = Debug|Win32
		{AB8366AF-C7E0-4B5A-9272-EBF22D9D9618}.Release|x64.ActiveCfg = Release|x64
		{AB8366AF-C7E0-4B5A-9272-EBF22D9D9618}.Release|x64.Build.0 = Release|x64
		{AB8366AF-C7E0-4B5A-9272-EBF22D9D9618}.Release|x86.ActiveCfg = Release|Win32
		{AB8366AF-C7E0-4B5A-9272-EBF22D9D9618}.Release|x86.Build.0 = Release|Win32
		{1B61DB90-851E-4AA3-B55C-AEE098B387D6}.Debug|x64.ActiveCfg = Debug|x64
		{1B61DB90-851E-4AA3-B55C-AEE098B387D6}.Debug|x64.Build.0 = Debug|x64
		{1B61DB90-851E-4AA3-B55C-AEE098B387D6}.Debug|x86.ActiveCfg = Debug|Win32
		{1B61DB90-851E-4AA3-B55C-AEE098B387D6}.Debug|x86.Build.0 = Debug|Win32
		{1B61DB90-851E-4AA3-B55C-AEE098B387D6}.Release|x64.ActiveCfg = Release|x64
		{1B61DB90-851E-4AA3-B55C-AEE098B387D6}.Release|x64.Build.0 = Release|x64
		{1B61DB90-851E-4AA3-B55C-AEE098B387D6}.Release|x86.ActiveCfg = Release|Win32
		{1B61DB90-851E-4AA3-B55C-AEE098B387D6}.Release|x86.Build.0 = Release|Win32
		{66F3B2B4-C9ED-4E07-B9EB-E0286F49234F}.Debug|x64.ActiveCfg = Debug|x64
		{66F3B2B4-C9ED-4E07-B9EB-E0286F49234F}.Debug|x64.Build.0 = Debug|x64
		{66F3B2B4-C9ED-4E07-B9EB-E0286F49234F}.Debug|x86.ActiveCfg = Debug|Win32
		{66F3B2B4-C9ED-4E07-B9EB-E0286F49234F}.Debug|x86.Build.0 = Debug|Win32
		{66F3B2B4-C9ED-4E07-B9EB-E0286F49234F}.Release|x64.ActiveCfg = Release|x64
		{66F3B2B4-C9ED-4E07-B9EB-E0286F49234F}.Release|x64.Build.0 = Release|x64
		{66F3B2B4-C9ED-4E07-B9EB-E0286F49234F}.Release|x86.ActiveCfg = Release|Win32
		{66F3B2B4-C9ED-4E07-B9EB-E0286F49234F}.Release|x86.Build.0 = Release|Win32
		{D24921B4-8E4B-4184-9F92-136E5E4AFD85}.Debug|x64.ActiveCfg = Debug|x64
		{D24921B4-8E4B-4184-9F92-136E5E4AFD85}.Debug|x64.Build.0 = Debug|x64
		{D24921B4-8E4B-4184-9F92-136E5E4AFD85}.Debug|x86.ActiveCfg = Debug|Win32
		{D24921B4-8E4B-4184-9F92-136E5E4AFD85}.Debug|x86.Build.0 = Debug|Win32
		{D24921B4-8E4B-4184-9F92-136E5E4AFD85}.Release|x64.ActiveCfg = Release|x64
		{D24921B4-8E4B-4184-9F92-136E5E4AFD85}.Release|x64.Build.0 = Release|x64
		{D24921B4-8E4B-4184-9F92-136E5E4AFD85}.Release|x86.ActiveCfg = Release|Win32
		{D24921B4-8E4B-4184-9F92-136E5E4AFD85}.Release|x86.Build.0 = Release|Win32
		{29E26CB5-CB23-458D-8087-714B35DD204B}.Debug|x64.ActiveCfg = Debug|x64
		{29E26CB5-CB23-458D-8087-714B35DD204B}.Debug|x64.Build.0 = Debug|x64
		{29E26CB5-CB23-458D-8087-714B35DD204B}.Debug|x86.ActiveCfg = Debug|Win32
		{29E26CB5-CB23-458D-8087-714B35DD204B}.Debug|x86.Build.0 = Debug|Win32
		{29E26CB5-CB23-458D-8087-714B35DD204B}.Release|x64.ActiveCfg = Release|x64
		{29E26CB5-CB23-458D-8087-714B35DD204B}.Release|x64.Build.0 = Release|x64
		{29E26CB5-CB23-458D-8087-714B35DD204B}.Release|x86.ActiveCfg = Release|Win32
		{29E26CB5-CB23-458D-8087-714B35DD204B}.Release|x86.Build.0 = Release|Win32
		{8270B0CC-35BE-4521-B3F2-AF8A45E8324E}.Debug|x64.ActiveCfg = Debug|x64
		{8270B0CC-35BE-4521-B3F2-AF8A45E8324E}.Debug|x64.Build.0 = Debug|x64
		{8270B0CC-35BE-4521-B3F2-AF8A45E8324E}.Debug|x86.ActiveCfg = Debug|Win32
		{8270B0CC-35BE-4521-B3F2-AF8A45E8324E}.Debug|x86.Build.0 = Debug|Win32
		{8270B0CC-35BE-4521-B3F2-AF8A45E8324E}.Release|x64.ActiveCfg = Release|x64
		{8270B0CC-35BE-4521-B3F2-AF8A45E8324E}.Release|x64.Build.0 = Release|x64
		{8270B0CC-35BE-4521-B3F2-AF8A45E8324E}.Release|x86.ActiveCfg = Release|Win32
		{8270B0CC-35BE-4521-B3F2-AF8A45E8324E}.Release|x86.Build.0 = Release|Win32
		{739504B3-9E95-4DD1-9A39-86EE49555DC4}.Debug|x64.ActiveCfg = Debug|x64
		{739504B3-9E95-4DD1-9A39-86EE49555DC4}.Debug|x64.Build.0 = Debug|x64
		{739504B3-9E95-4DD1-9A39-86EE49555DC4}.Debug|x86.ActiveCfg = Debug|Win32
		{739504B3-9E95-4DD1-9A39-86EE49555DC4}.Debug|x86.Build.0 = Debug|Win32
		{739504B3-9E95-4DD1-9A39-86EE49555DC4}.Release|x64.ActiveCfg = Release|x64
		{739504B3-9E95-4DD1-9A39-86EE49555DC4}.Release|x64.Build.0 = Release|x64
		{739504B3-9E95-4DD1-9A39-86EE49555DC4}.Release|x86.ActiveCfg = Release|Win32
		{739504B3-9E95-4DD1-9A39-86EE49555DC4}.Release|x86.Build.0 = Release|Win32
		{7A5CE490-6FC9-4134-ADAA-09EB08B680B7}.Debug|x64.ActiveCfg = Debug|x64
		{7A5CE490-6FC9-4134-ADAA-09EB08B680B7}.Debug|x64.Build.0 = Debug|x64
		{7A5CE490-6FC9-4134-ADAA-09EB08B680B7}.Debug|x86.ActiveCfg = Debug|Win32
		{7A5CE490-6FC9-4134-ADAA-09EB08B680B7}.Debug|x86.Build.0 = Debug|Win32
		{7A5CE490-6FC9-4134-ADAA-09EB08B680B7}.Release|x64.ActiveCfg = Release|x64
		{7A5CE490-6FC9-4134-ADAA-09EB08B680B7}.Release|x64.Build.0 = Release|x64
		{7A5CE490-6FC9-4134-ADAA-09EB08B680B7}.Release|x86.ActiveCfg = Release|Win32
		{7A5CE490-6FC9-4134-ADAA-09EB08B680B7}.Release|x86.Build.0 = Release|Win32
		{1AEABAC6-46AE-4CED-A6F3-6DC307FF1958}.Debug|x64.ActiveCfg = Debug|x64
		{1AEABAC6-46AE-4CED-A6F3-6DC307FF1958}.Debug|x64.Build.0 = Debug|x64
		{1AEABAC6-46AE-4CED-A6F3-6DC307FF1958}.Debug|x86.ActiveCfg = Debug|Win32
		{1AEABAC6-46AE-4CED-A6F3-6DC307FF1958}.Debug|x86.Build.0 = Debug|Win32
		{1AEABAC6-46AE-4CED-A6F3-6DC307FF1958}.Release|x64.ActiveCfg = Release|x64
		{1AEABAC6-46AE-4CED-A6F3-6DC307FF1958}.Release|x64.Build.0 = Release|x64
		{1AEABAC6-46AE-4CED-A6F3-6DC307FF1958}.Release|x86.ActiveCfg = Release|Win32
		{1AEABAC6-46AE-4CED-A6F3-6DC307FF1958}.Release|x86.Build.0 = Release|Win32
		{E7A270ED-570C-4434-8F48-4F018BD8E108}.Debug|x64.ActiveCfg = Debug|x64
		{E7A270ED-570C-4434-8F48-4F018BD8E108}.Debug|x64.Build.0 = Debug|x64
		{E7A270ED-570C-4434-8F48-4F018BD8E108}.Debug|x86.ActiveCfg = Debug|Win32
		{E7A270ED-570C-4434-8F48-4F018BD8E108}.Debug|x86.Build.0 = Debug|Win32
		{E7A270ED-570C-4434-8F48-4F018BD8E108}.Release|x64.ActiveCfg = Release|x64
		{E7A270ED-570C-4434-8F48-4F018BD8E108}.Release|x64.Build.0 = Release|x64
		{E7A270ED-570C-4434-8F48-4F018BD8E108}.Release|x86.ActiveCfg = Release|Win32
		{E7A270ED-570C-4434-8F48-4F018BD8E108}.Release|x86.Build.0 = Release|Win32
		{5141ECB8-A5E4-4D78-8C40-337C4121C24C}.Debug|x64.ActiveCfg = Debug|x64
		{5141ECB8-A5E4-4D78-8C40-337C4121C24C}.Debug|x64.Build.0 = Debug|x64
		{5141ECB8-A5E4-4D78-8C40-337C4121C24C}.Debug|x86.ActiveCfg = Debug|Win32
		{5141ECB8-A5E4-4D78-8C40-337C4121C24C}.Debug|x86.Build.0 = Debug|Win32
		{5141ECB8-A5E4-4D78-8C40-337C4121C24C}.Release|x64.ActiveCfg = Release|x64
		{5141ECB8-A5E4-4D78-8C40-337C4121C24C}.Release|x64.Build.0 = Release|x64
		{5141ECB8-A5E4-4D78-8C40-337C4121C24C}.Release|x86.ActiveCfg = Release|Win32
		{5141ECB8-A5E4-4D78-8C40-337C4121C24C}.Release|x86.Build.0 = Release|Win32
		{D532DEB3-BDCF-47CD-8C26-912336D274E6}.Debug|x64.ActiveCfg = Debug|x64
		{D532DEB3-BDCF-47CD-8C26-912336D274E6}.Debug|x64.Build.0 = Debug|x64
		{D532DEB3-BDCF-47CD-8C26-912336D274E6}.Debug|x86.ActiveCfg = Debug|Win32
		{D532DEB3-BDCF-47CD-8C26-912336D274E6}.Debug|x86.Build.0 = Debug|Win32
		{D532DEB3-BDCF-47CD-8C26-912336D274E6}.Release|x64.ActiveCfg = Release|x64
		{D532DEB3-BDCF-47CD-8C26-912336D274E6}.Release|x64.Build.0 = Release|x64
		{D532DEB3-BDCF-47CD-8C26-912336D274E6}.Release|x86.ActiveCfg = Release|Win32
		{D532DEB3-BDCF-47CD-8C26-912336D274E6}.Release|x86.Build.0 = Release|Win32
	EndGlobalSection
	GlobalSection(SolutionProperties) = preSolution
		HideSolutionNode = FALSE
	EndGlobalSection
	GlobalSection(ExtensibilityGlobals) = postSolution
		SolutionGuid = {107944C5-6394-4F18-B0AA-873CC6396B24}
	EndGlobalSection
EndGlobal
